
Microsoft Visual Studio Solution File, Format Version 12.00
# Visual Studio Version 16
VisualStudioVersion = 16.0.30611.23
MinimumVisualStudioVersion = 10.0.40219.1
Project("{9A19103F-16F7-4668-BE54-9A1E7A4F7556}") = "PowerScheduler", "PowerScheduler.csproj", "{B3FC76E2-6E7A-4C95-93A7-CF8F2E1808D6}"
EndProject
Project("{9A19103F-16F7-4668-BE54-9A1E7A4F7556}") = "PowerScheduler.Shared", "..\PowerScheduler.Shared\PowerScheduler.Shared.csproj", "{C0B6E068-7C9E-4ADE-92B7-DE491622EEF6}"
EndProject
Project("{9A19103F-16F7-4668-BE54-9A1E7A4F7556}") = "PowerScheduler.API", "..\PowerScheduler.API\PowerScheduler.API.csproj", "{78609EA5-4D39-4D61-8BE3-244C7F6F52CF}"
EndProject
Global
	GlobalSection(SolutionConfigurationPlatforms) = preSolution
		Debug|Any CPU = Debug|Any CPU
		Release|Any CPU = Release|Any CPU
	EndGlobalSection
	GlobalSection(ProjectConfigurationPlatforms) = postSolution
		{B3FC76E2-6E7A-4C95-93A7-CF8F2E1808D6}.Debug|Any CPU.ActiveCfg = Debug|Any CPU
		{B3FC76E2-6E7A-4C95-93A7-CF8F2E1808D6}.Debug|Any CPU.Build.0 = Debug|Any CPU
		{B3FC76E2-6E7A-4C95-93A7-CF8F2E1808D6}.Release|Any CPU.ActiveCfg = Release|Any CPU
		{B3FC76E2-6E7A-4C95-93A7-CF8F2E1808D6}.Release|Any CPU.Build.0 = Release|Any CPU
		{C0B6E068-7C9E-4ADE-92B7-DE491622EEF6}.Debug|Any CPU.ActiveCfg = Debug|Any CPU
		{C0B6E068-7C9E-4ADE-92B7-DE491622EEF6}.Debug|Any CPU.Build.0 = Debug|Any CPU
		{C0B6E068-7C9E-4ADE-92B7-DE491622EEF6}.Release|Any CPU.ActiveCfg = Release|Any CPU
		{C0B6E068-7C9E-4ADE-92B7-DE491622EEF6}.Release|Any CPU.Build.0 = Release|Any CPU
		{78609EA5-4D39-4D61-8BE3-244C7F6F52CF}.Debug|Any CPU.ActiveCfg = Debug|Any CPU
		{78609EA5-4D39-4D61-8BE3-244C7F6F52CF}.Debug|Any CPU.Build.0 = Debug|Any CPU
		{78609EA5-4D39-4D61-8BE3-244C7F6F52CF}.Release|Any CPU.ActiveCfg = Release|Any CPU
		{78609EA5-4D39-4D61-8BE3-244C7F6F52CF}.Release|Any CPU.Build.0 = Release|Any CPU
	EndGlobalSection
	GlobalSection(SolutionProperties) = preSolution
		HideSolutionNode = FALSE
	EndGlobalSection
	GlobalSection(ExtensibilityGlobals) = postSolution
		SolutionGuid = {1E5CEB54-B7C5-4447-9B90-4C06974B74CB}
	EndGlobalSection
EndGlobal
